
Microsoft Visual Studio Solution File, Format Version 12.00
# Visual Studio Version 16
VisualStudioVersion = 16.0.30621.155
MinimumVisualStudioVersion = 10.0.40219.1
Project("{FAE04EC0-301F-11D3-BF4B-00C04F79EFBC}") = "Ex03GarageLogic", "Ex03GarageLogic\Ex03GarageLogic.csproj", "{7382FBA3-0E3B-4853-A7E8-F3E486DD4ED9}"
EndProject
Project("{FAE04EC0-301F-11D3-BF4B-00C04F79EFBC}") = "Ex03ConsoleUI", "Ex03ConsoleUI\Ex03ConsoleUI.csproj", "{939E66EB-FB19-4AD8-A93D-386153F9F7A5}"
EndProject
Global
	GlobalSection(SolutionConfigurationPlatforms) = preSolution
		Debug|Any CPU = Debug|Any CPU
		Release|Any CPU = Release|Any CPU
	EndGlobalSection
	GlobalSection(ProjectConfigurationPlatforms) = postSolution
		{7382FBA3-0E3B-4853-A7E8-F3E486DD4ED9}.Debug|Any CPU.ActiveCfg = Debug|Any CPU
		{7382FBA3-0E3B-4853-A7E8-F3E486DD4ED9}.Debug|Any CPU.Build.0 = Debug|Any CPU
		{7382FBA3-0E3B-4853-A7E8-F3E486DD4ED9}.Release|Any CPU.ActiveCfg = Release|Any CPU
		{7382FBA3-0E3B-4853-A7E8-F3E486DD4ED9}.Release|Any CPU.Build.0 = Release|Any CPU
		{939E66EB-FB19-4AD8-A93D-386153F9F7A5}.Debug|Any CPU.ActiveCfg = Debug|Any CPU
		{939E66EB-FB19-4AD8-A93D-386153F9F7A5}.Debug|Any CPU.Build.0 = Debug|Any CPU
		{939E66EB-FB19-4AD8-A93D-386153F9F7A5}.Release|Any CPU.ActiveCfg = Release|Any CPU
		{939E66EB-FB19-4AD8-A93D-386153F9F7A5}.Release|Any CPU.Build.0 = Release|Any CPU
	EndGlobalSection
	GlobalSection(SolutionProperties) = preSolution
		HideSolutionNode = FALSE
	EndGlobalSection
	GlobalSection(ExtensibilityGlobals) = postSolution
		SolutionGuid = {1E3B8DD2-0328-445E-968B-E84F32515A85}
	EndGlobalSection
EndGlobal
